
Microsoft Visual Studio Solution File, Format Version 12.00
# Visual Studio Version 17
VisualStudioVersion = 17.3.32922.545
MinimumVisualStudioVersion = 10.0.40219.1
Project("{8BC9CEB8-8B4A-11D0-8D11-00A0C91BC942}") = "games101_1", "games101_1\games101_1.vcxproj", "{E8065C7C-FA31-48D0-8469-7F266D38C7F2}"
EndProject
Global
	GlobalSection(SolutionConfigurationPlatforms) = preSolution
		Debug|x64 = Debug|x64
		Debug|x86 = Debug|x86
		Release|x64 = Release|x64
		Release|x86 = Release|x86
	EndGlobalSection
	GlobalSection(ProjectConfigurationPlatforms) = postSolution
		{E8065C7C-FA31-48D0-8469-7F266D38C7F2}.Debug|x64.ActiveCfg = Debug|x64
		{E8065C7C-FA31-48D0-8469-7F266D38C7F2}.Debug|x64.Build.0 = Debug|x64
		{E8065C7C-FA31-48D0-8469-7F266D38C7F2}.Debug|x86.ActiveCfg = Debug|Win32
		{E8065C7C-FA31-48D0-8469-7F266D38C7F2}.Debug|x86.Build.0 = Debug|Win32
		{E8065C7C-FA31-48D0-8469-7F266D38C7F2}.Release|x64.ActiveCfg = Release|x64
		{E8065C7C-FA31-48D0-8469-7F266D38C7F2}.Release|x64.Build.0 = Release|x64
		{E8065C7C-FA31-48D0-8469-7F266D38C7F2}.Release|x86.ActiveCfg = Release|Win32
		{E8065C7C-FA31-48D0-8469-7F266D38C7F2}.Release|x86.Build.0 = Release|Win32
	EndGlobalSection
	GlobalSection(SolutionProperties) = preSolution
		HideSolutionNode = FALSE
	EndGlobalSection
	GlobalSection(ExtensibilityGlobals) = postSolution
		SolutionGuid = {3177F76D-4D28-4B98-93D9-FA89D88BFF67}
	EndGlobalSection
EndGlobal
